
Microsoft Visual Studio Solution File, Format Version 12.00
# Visual Studio Version 16
VisualStudioVersion = 16.0.29409.12
MinimumVisualStudioVersion = 10.0.40219.1
Project("{FAE04EC0-301F-11D3-BF4B-00C04F79EFBC}") = "Gruppe3", "Gruppe3.csproj", "{F485B24F-83FE-4C41-BFDA-2FF8960B468C}"
EndProject
Global
	GlobalSection(SolutionConfigurationPlatforms) = preSolution
		Debug|Any CPU = Debug|Any CPU
		Release|Any CPU = Release|Any CPU
	EndGlobalSection
	GlobalSection(ProjectConfigurationPlatforms) = postSolution
		{F485B24F-83FE-4C41-BFDA-2FF8960B468C}.Debug|Any CPU.ActiveCfg = Debug|Any CPU
		{F485B24F-83FE-4C41-BFDA-2FF8960B468C}.Debug|Any CPU.Build.0 = Debug|Any CPU
		{F485B24F-83FE-4C41-BFDA-2FF8960B468C}.Release|Any CPU.ActiveCfg = Release|Any CPU
		{F485B24F-83FE-4C41-BFDA-2FF8960B468C}.Release|Any CPU.Build.0 = Release|Any CPU
	EndGlobalSection
	GlobalSection(SolutionProperties) = preSolution
		HideSolutionNode = FALSE
	EndGlobalSection
	GlobalSection(ExtensibilityGlobals) = postSolution
		SolutionGuid = {F0F52E22-8A27-4447-BD46-D923ABDDADB0}
	EndGlobalSection
EndGlobal
